
Microsoft Visual Studio Solution File, Format Version 12.00
# Visual Studio Version 17
VisualStudioVersion = 17.4.33205.214
MinimumVisualStudioVersion = 10.0.40219.1
Project("{FAE04EC0-301F-11D3-BF4B-00C04F79EFBC}") = "KPA_BUDU_rework", "KPA_BUDU_rework.csproj", "{FD9135F7-2217-4E30-9DDC-FBD33B04BFE7}"
EndProject
Global
	GlobalSection(SolutionConfigurationPlatforms) = preSolution
		Debug|Any CPU = Debug|Any CPU
		Release|Any CPU = Release|Any CPU
	EndGlobalSection
	GlobalSection(ProjectConfigurationPlatforms) = postSolution
		{FD9135F7-2217-4E30-9DDC-FBD33B04BFE7}.Debug|Any CPU.ActiveCfg = Debug|Any CPU
		{FD9135F7-2217-4E30-9DDC-FBD33B04BFE7}.Debug|Any CPU.Build.0 = Debug|Any CPU
		{FD9135F7-2217-4E30-9DDC-FBD33B04BFE7}.Release|Any CPU.ActiveCfg = Release|Any CPU
		{FD9135F7-2217-4E30-9DDC-FBD33B04BFE7}.Release|Any CPU.Build.0 = Release|Any CPU
	EndGlobalSection
	GlobalSection(SolutionProperties) = preSolution
		HideSolutionNode = FALSE
	EndGlobalSection
	GlobalSection(ExtensibilityGlobals) = postSolution
		SolutionGuid = {2E4F0386-119B-4C67-9D0D-8C7153860A1F}
	EndGlobalSection
EndGlobal
